{
  "name": "webrtc-one-to-many",
  "version": "1.0.0",
  "lockfileVersion": 3,
  "requires": true,
  "packages": {
    "": {
      "name": "webrtc-one-to-many",
      "version": "1.0.0",
      "dependencies": {
        "@roamhq/wrtc": "^0.9.1",
        "body-parser": "^1.20.2",
        "express": "^4.19.2",
        "socket.io": "^4.7.5"
      }
    }
  }
}
